
Microsoft Visual Studio Solution File, Format Version 12.00
# Visual Studio 15
VisualStudioVersion = 15.0.28307.421
MinimumVisualStudioVersion = 10.0.40219.1
Project("{FAE04EC0-301F-11D3-BF4B-00C04F79EFBC}") = "AsyncAwait", "AsyncAwait\AsyncAwait.csproj", "{57958676-E3B7-4D08-B478-E8D131511B0F}"
EndProject
Global
	GlobalSection(SolutionConfigurationPlatforms) = preSolution
		Debug|Any CPU = Debug|Any CPU
		Release|Any CPU = Release|Any CPU
	EndGlobalSection
	GlobalSection(ProjectConfigurationPlatforms) = postSolution
		{57958676-E3B7-4D08-B478-E8D131511B0F}.Debug|Any CPU.ActiveCfg = Debug|Any CPU
		{57958676-E3B7-4D08-B478-E8D131511B0F}.Debug|Any CPU.Build.0 = Debug|Any CPU
		{57958676-E3B7-4D08-B478-E8D131511B0F}.Release|Any CPU.ActiveCfg = Release|Any CPU
		{57958676-E3B7-4D08-B478-E8D131511B0F}.Release|Any CPU.Build.0 = Release|Any CPU
	EndGlobalSection
	GlobalSection(SolutionProperties) = preSolution
		HideSolutionNode = FALSE
	EndGlobalSection
	GlobalSection(ExtensibilityGlobals) = postSolution
		SolutionGuid = {FA81A4CA-8709-414B-BC45-C25DF85EAB4A}
	EndGlobalSection
EndGlobal
