
Microsoft Visual Studio Solution File, Format Version 12.00
# Visual Studio Version 16
VisualStudioVersion = 16.0.30717.126
MinimumVisualStudioVersion = 10.0.40219.1
Project("{FAE04EC0-301F-11D3-BF4B-00C04F79EFBC}") = "UseOfOutParam", "UseOfOutParam\UseOfOutParam.csproj", "{CCDED057-D596-422A-9C10-171F1B019E02}"
EndProject
Global
	GlobalSection(SolutionConfigurationPlatforms) = preSolution
		Debug|Any CPU = Debug|Any CPU
		Release|Any CPU = Release|Any CPU
	EndGlobalSection
	GlobalSection(ProjectConfigurationPlatforms) = postSolution
		{CCDED057-D596-422A-9C10-171F1B019E02}.Debug|Any CPU.ActiveCfg = Debug|Any CPU
		{CCDED057-D596-422A-9C10-171F1B019E02}.Debug|Any CPU.Build.0 = Debug|Any CPU
		{CCDED057-D596-422A-9C10-171F1B019E02}.Release|Any CPU.ActiveCfg = Release|Any CPU
		{CCDED057-D596-422A-9C10-171F1B019E02}.Release|Any CPU.Build.0 = Release|Any CPU
	EndGlobalSection
	GlobalSection(SolutionProperties) = preSolution
		HideSolutionNode = FALSE
	EndGlobalSection
	GlobalSection(ExtensibilityGlobals) = postSolution
		SolutionGuid = {F0F5811B-F04C-49F8-B3A8-79664762CFD7}
	EndGlobalSection
EndGlobal
