
Microsoft Visual Studio Solution File, Format Version 12.00
# Visual Studio 15
VisualStudioVersion = 15.0.28307.438
MinimumVisualStudioVersion = 10.0.40219.1
Project("{FAE04EC0-301F-11D3-BF4B-00C04F79EFBC}") = "ParameterizeThreadStartDelegate", "ParameterizeThreadStartDelegate\ParameterizeThreadStartDelegate.csproj", "{FF820511-99F4-4FC7-9B56-F8CCA646F462}"
EndProject
Global
	GlobalSection(SolutionConfigurationPlatforms) = preSolution
		Debug|Any CPU = Debug|Any CPU
		Release|Any CPU = Release|Any CPU
	EndGlobalSection
	GlobalSection(ProjectConfigurationPlatforms) = postSolution
		{FF820511-99F4-4FC7-9B56-F8CCA646F462}.Debug|Any CPU.ActiveCfg = Debug|Any CPU
		{FF820511-99F4-4FC7-9B56-F8CCA646F462}.Debug|Any CPU.Build.0 = Debug|Any CPU
		{FF820511-99F4-4FC7-9B56-F8CCA646F462}.Release|Any CPU.ActiveCfg = Release|Any CPU
		{FF820511-99F4-4FC7-9B56-F8CCA646F462}.Release|Any CPU.Build.0 = Release|Any CPU
	EndGlobalSection
	GlobalSection(SolutionProperties) = preSolution
		HideSolutionNode = FALSE
	EndGlobalSection
	GlobalSection(ExtensibilityGlobals) = postSolution
		SolutionGuid = {674A447C-67B4-4F3E-B347-35FDC2943224}
	EndGlobalSection
EndGlobal
