
Microsoft Visual Studio Solution File, Format Version 12.00
# Visual Studio Version 16
VisualStudioVersion = 16.0.31410.357
MinimumVisualStudioVersion = 10.0.40219.1
Project("{FAE04EC0-301F-11D3-BF4B-00C04F79EFBC}") = "GenericInterface", "GenericInterface\GenericInterface.csproj", "{5C36B251-E4C4-4BF1-957E-5ED94996C45B}"
EndProject
Global
	GlobalSection(SolutionConfigurationPlatforms) = preSolution
		Debug|Any CPU = Debug|Any CPU
		Release|Any CPU = Release|Any CPU
	EndGlobalSection
	GlobalSection(ProjectConfigurationPlatforms) = postSolution
		{5C36B251-E4C4-4BF1-957E-5ED94996C45B}.Debug|Any CPU.ActiveCfg = Debug|Any CPU
		{5C36B251-E4C4-4BF1-957E-5ED94996C45B}.Debug|Any CPU.Build.0 = Debug|Any CPU
		{5C36B251-E4C4-4BF1-957E-5ED94996C45B}.Release|Any CPU.ActiveCfg = Release|Any CPU
		{5C36B251-E4C4-4BF1-957E-5ED94996C45B}.Release|Any CPU.Build.0 = Release|Any CPU
	EndGlobalSection
	GlobalSection(SolutionProperties) = preSolution
		HideSolutionNode = FALSE
	EndGlobalSection
	GlobalSection(ExtensibilityGlobals) = postSolution
		SolutionGuid = {D4C1636F-7C15-47FE-BECB-345731CE9E8E}
	EndGlobalSection
EndGlobal
