
Microsoft Visual Studio Solution File, Format Version 12.00
# Visual Studio Version 16
VisualStudioVersion = 16.0.30717.126
MinimumVisualStudioVersion = 10.0.40219.1
Project("{FAE04EC0-301F-11D3-BF4B-00C04F79EFBC}") = "Events", "Events\Events.csproj", "{68BEBBFD-B4B8-4A67-BD5C-C35972086EC5}"
EndProject
Global
	GlobalSection(SolutionConfigurationPlatforms) = preSolution
		Debug|Any CPU = Debug|Any CPU
		Release|Any CPU = Release|Any CPU
	EndGlobalSection
	GlobalSection(ProjectConfigurationPlatforms) = postSolution
		{68BEBBFD-B4B8-4A67-BD5C-C35972086EC5}.Debug|Any CPU.ActiveCfg = Debug|Any CPU
		{68BEBBFD-B4B8-4A67-BD5C-C35972086EC5}.Debug|Any CPU.Build.0 = Debug|Any CPU
		{68BEBBFD-B4B8-4A67-BD5C-C35972086EC5}.Release|Any CPU.ActiveCfg = Release|Any CPU
		{68BEBBFD-B4B8-4A67-BD5C-C35972086EC5}.Release|Any CPU.Build.0 = Release|Any CPU
	EndGlobalSection
	GlobalSection(SolutionProperties) = preSolution
		HideSolutionNode = FALSE
	EndGlobalSection
	GlobalSection(ExtensibilityGlobals) = postSolution
		SolutionGuid = {000D012C-932D-4D9D-8C44-402CAB54916D}
	EndGlobalSection
EndGlobal
