
Microsoft Visual Studio Solution File, Format Version 12.00
# Visual Studio Version 16
VisualStudioVersion = 16.0.30717.126
MinimumVisualStudioVersion = 10.0.40219.1
Project("{FAE04EC0-301F-11D3-BF4B-00C04F79EFBC}") = "Delegate", "Delegate\Delegate.csproj", "{ACCA5DB6-673B-4938-A061-5AC3EE726503}"
EndProject
Global
	GlobalSection(SolutionConfigurationPlatforms) = preSolution
		Debug|Any CPU = Debug|Any CPU
		Release|Any CPU = Release|Any CPU
	EndGlobalSection
	GlobalSection(ProjectConfigurationPlatforms) = postSolution
		{ACCA5DB6-673B-4938-A061-5AC3EE726503}.Debug|Any CPU.ActiveCfg = Debug|Any CPU
		{ACCA5DB6-673B-4938-A061-5AC3EE726503}.Debug|Any CPU.Build.0 = Debug|Any CPU
		{ACCA5DB6-673B-4938-A061-5AC3EE726503}.Release|Any CPU.ActiveCfg = Release|Any CPU
		{ACCA5DB6-673B-4938-A061-5AC3EE726503}.Release|Any CPU.Build.0 = Release|Any CPU
	EndGlobalSection
	GlobalSection(SolutionProperties) = preSolution
		HideSolutionNode = FALSE
	EndGlobalSection
	GlobalSection(ExtensibilityGlobals) = postSolution
		SolutionGuid = {9F776392-2191-49A3-80CC-0BEDEA1AA12E}
	EndGlobalSection
EndGlobal
