
Microsoft Visual Studio Solution File, Format Version 12.00
# Visual Studio 15
VisualStudioVersion = 15.0.28307.438
MinimumVisualStudioVersion = 10.0.40219.1
Project("{FAE04EC0-301F-11D3-BF4B-00C04F79EFBC}") = "InternalAndProtectedInternal", "InternalAndProtectedInternal\InternalAndProtectedInternal.csproj", "{2FFB1E3D-6362-4E8B-B9AA-637033322029}"
EndProject
Project("{FAE04EC0-301F-11D3-BF4B-00C04F79EFBC}") = "AssemblyOne", "AssemblyOne\AssemblyOne.csproj", "{FF937EFE-3D15-4ACF-AEB1-A74D2A9F6862}"
EndProject
Project("{FAE04EC0-301F-11D3-BF4B-00C04F79EFBC}") = "AssemblyTwo", "AssemblyTwo\AssemblyTwo.csproj", "{54BF5EFE-D8CB-42DC-84D0-50473E5141E3}"
EndProject
Global
	GlobalSection(SolutionConfigurationPlatforms) = preSolution
		Debug|Any CPU = Debug|Any CPU
		Release|Any CPU = Release|Any CPU
	EndGlobalSection
	GlobalSection(ProjectConfigurationPlatforms) = postSolution
		{2FFB1E3D-6362-4E8B-B9AA-637033322029}.Debug|Any CPU.ActiveCfg = Debug|Any CPU
		{2FFB1E3D-6362-4E8B-B9AA-637033322029}.Debug|Any CPU.Build.0 = Debug|Any CPU
		{2FFB1E3D-6362-4E8B-B9AA-637033322029}.Release|Any CPU.ActiveCfg = Release|Any CPU
		{2FFB1E3D-6362-4E8B-B9AA-637033322029}.Release|Any CPU.Build.0 = Release|Any CPU
		{FF937EFE-3D15-4ACF-AEB1-A74D2A9F6862}.Debug|Any CPU.ActiveCfg = Debug|Any CPU
		{FF937EFE-3D15-4ACF-AEB1-A74D2A9F6862}.Debug|Any CPU.Build.0 = Debug|Any CPU
		{FF937EFE-3D15-4ACF-AEB1-A74D2A9F6862}.Release|Any CPU.ActiveCfg = Release|Any CPU
		{FF937EFE-3D15-4ACF-AEB1-A74D2A9F6862}.Release|Any CPU.Build.0 = Release|Any CPU
		{54BF5EFE-D8CB-42DC-84D0-50473E5141E3}.Debug|Any CPU.ActiveCfg = Debug|Any CPU
		{54BF5EFE-D8CB-42DC-84D0-50473E5141E3}.Debug|Any CPU.Build.0 = Debug|Any CPU
		{54BF5EFE-D8CB-42DC-84D0-50473E5141E3}.Release|Any CPU.ActiveCfg = Release|Any CPU
		{54BF5EFE-D8CB-42DC-84D0-50473E5141E3}.Release|Any CPU.Build.0 = Release|Any CPU
	EndGlobalSection
	GlobalSection(SolutionProperties) = preSolution
		HideSolutionNode = FALSE
	EndGlobalSection
	GlobalSection(ExtensibilityGlobals) = postSolution
		SolutionGuid = {0052424D-99F4-4473-AAF0-8404EDC854AA}
	EndGlobalSection
EndGlobal
