
Microsoft Visual Studio Solution File, Format Version 12.00
# Visual Studio 15
VisualStudioVersion = 15.0.28307.438
MinimumVisualStudioVersion = 10.0.40219.1
Project("{FAE04EC0-301F-11D3-BF4B-00C04F79EFBC}") = "ListCollection", "ListCollection\ListCollection.csproj", "{6B831F6A-207D-46A2-8113-708DCFD82755}"
EndProject
Global
	GlobalSection(SolutionConfigurationPlatforms) = preSolution
		Debug|Any CPU = Debug|Any CPU
		Release|Any CPU = Release|Any CPU
	EndGlobalSection
	GlobalSection(ProjectConfigurationPlatforms) = postSolution
		{6B831F6A-207D-46A2-8113-708DCFD82755}.Debug|Any CPU.ActiveCfg = Debug|Any CPU
		{6B831F6A-207D-46A2-8113-708DCFD82755}.Debug|Any CPU.Build.0 = Debug|Any CPU
		{6B831F6A-207D-46A2-8113-708DCFD82755}.Release|Any CPU.ActiveCfg = Release|Any CPU
		{6B831F6A-207D-46A2-8113-708DCFD82755}.Release|Any CPU.Build.0 = Release|Any CPU
	EndGlobalSection
	GlobalSection(SolutionProperties) = preSolution
		HideSolutionNode = FALSE
	EndGlobalSection
	GlobalSection(ExtensibilityGlobals) = postSolution
		SolutionGuid = {31BEF081-B6E4-4D70-A82C-127A31C3B47D}
	EndGlobalSection
EndGlobal
