
Microsoft Visual Studio Solution File, Format Version 12.00
# Visual Studio Version 16
VisualStudioVersion = 16.0.31424.327
MinimumVisualStudioVersion = 10.0.40219.1
Project("{FAE04EC0-301F-11D3-BF4B-00C04F79EFBC}") = "SimpleReflection", "SimpleReflection\SimpleReflection.csproj", "{86153AEF-CC4E-44A0-8441-6DCDAEF3CD4E}"
EndProject
Global
	GlobalSection(SolutionConfigurationPlatforms) = preSolution
		Debug|Any CPU = Debug|Any CPU
		Release|Any CPU = Release|Any CPU
	EndGlobalSection
	GlobalSection(ProjectConfigurationPlatforms) = postSolution
		{86153AEF-CC4E-44A0-8441-6DCDAEF3CD4E}.Debug|Any CPU.ActiveCfg = Debug|Any CPU
		{86153AEF-CC4E-44A0-8441-6DCDAEF3CD4E}.Debug|Any CPU.Build.0 = Debug|Any CPU
		{86153AEF-CC4E-44A0-8441-6DCDAEF3CD4E}.Release|Any CPU.ActiveCfg = Release|Any CPU
		{86153AEF-CC4E-44A0-8441-6DCDAEF3CD4E}.Release|Any CPU.Build.0 = Release|Any CPU
	EndGlobalSection
	GlobalSection(SolutionProperties) = preSolution
		HideSolutionNode = FALSE
	EndGlobalSection
	GlobalSection(ExtensibilityGlobals) = postSolution
		SolutionGuid = {58A7164A-B848-4547-8C5D-F5D72545906F}
	EndGlobalSection
EndGlobal
