
Microsoft Visual Studio Solution File, Format Version 12.00
# Visual Studio Version 16
VisualStudioVersion = 16.0.30717.126
MinimumVisualStudioVersion = 10.0.40219.1
Project("{FAE04EC0-301F-11D3-BF4B-00C04F79EFBC}") = "Theading001", "Theading001\Theading001.csproj", "{C44F7102-4676-4D5D-AD52-2DD1F051174E}"
EndProject
Global
	GlobalSection(SolutionConfigurationPlatforms) = preSolution
		Debug|Any CPU = Debug|Any CPU
		Release|Any CPU = Release|Any CPU
	EndGlobalSection
	GlobalSection(ProjectConfigurationPlatforms) = postSolution
		{C44F7102-4676-4D5D-AD52-2DD1F051174E}.Debug|Any CPU.ActiveCfg = Debug|Any CPU
		{C44F7102-4676-4D5D-AD52-2DD1F051174E}.Debug|Any CPU.Build.0 = Debug|Any CPU
		{C44F7102-4676-4D5D-AD52-2DD1F051174E}.Release|Any CPU.ActiveCfg = Release|Any CPU
		{C44F7102-4676-4D5D-AD52-2DD1F051174E}.Release|Any CPU.Build.0 = Release|Any CPU
	EndGlobalSection
	GlobalSection(SolutionProperties) = preSolution
		HideSolutionNode = FALSE
	EndGlobalSection
	GlobalSection(ExtensibilityGlobals) = postSolution
		SolutionGuid = {0F12206D-A4EE-4ED9-89A3-4F94A261B52F}
	EndGlobalSection
EndGlobal
